
Microsoft Visual Studio Solution File, Format Version 12.00
# Visual Studio Version 17
VisualStudioVersion = 17.0.31919.166
MinimumVisualStudioVersion = 10.0.40219.1
Project("{FAE04EC0-301F-11D3-BF4B-00C04F79EFBC}") = "EasyCachingExample", "EasyCachingExample\EasyCachingExample.csproj", "{151E2ACA-7541-4122-9E9E-7CF756FBBC48}"
EndProject
Project("{9A19103F-16F7-4668-BE54-9A1E7A4F7556}") = "EasyCachingExample.Tests", "EasyCachingExample.Tests\EasyCachingExample.Tests.csproj", "{8A2AD321-C343-4B59-ABD1-6D6E388EF540}"
EndProject
Global
	GlobalSection(SolutionConfigurationPlatforms) = preSolution
		Debug|Any CPU = Debug|Any CPU
		Release|Any CPU = Release|Any CPU
	EndGlobalSection
	GlobalSection(ProjectConfigurationPlatforms) = postSolution
		{151E2ACA-7541-4122-9E9E-7CF756FBBC48}.Debug|Any CPU.ActiveCfg = Debug|Any CPU
		{151E2ACA-7541-4122-9E9E-7CF756FBBC48}.Debug|Any CPU.Build.0 = Debug|Any CPU
		{151E2ACA-7541-4122-9E9E-7CF756FBBC48}.Release|Any CPU.ActiveCfg = Release|Any CPU
		{151E2ACA-7541-4122-9E9E-7CF756FBBC48}.Release|Any CPU.Build.0 = Release|Any CPU
		{8A2AD321-C343-4B59-ABD1-6D6E388EF540}.Debug|Any CPU.ActiveCfg = Debug|Any CPU
		{8A2AD321-C343-4B59-ABD1-6D6E388EF540}.Debug|Any CPU.Build.0 = Debug|Any CPU
		{8A2AD321-C343-4B59-ABD1-6D6E388EF540}.Release|Any CPU.ActiveCfg = Release|Any CPU
		{8A2AD321-C343-4B59-ABD1-6D6E388EF540}.Release|Any CPU.Build.0 = Release|Any CPU
	EndGlobalSection
	GlobalSection(SolutionProperties) = preSolution
		HideSolutionNode = FALSE
	EndGlobalSection
	GlobalSection(ExtensibilityGlobals) = postSolution
		SolutionGuid = {97AC687A-EB07-45E1-8C35-F4F4836F028C}
	EndGlobalSection
EndGlobal
